// !$*UTF8*$!
{
	archiveVersion = 1;
	classes = {
	};
	objectVersion = 56;
	objects = {

/* Begin PBXBuildFile section */
		8BCAE4AE2A4C597600883304 /* MiamApp.swift in Sources */ = {isa = PBXBuildFile; fileRef = 8BCAE4AD2A4C597600883304 /* MiamApp.swift */; };
		8BCAE4B02A4C597600883304 /* ContentView.swift in Sources */ = {isa = PBXBuildFile; fileRef = 8BCAE4AF2A4C597600883304 /* ContentView.swift */; };
		8BCAE4B22A4C597700883304 /* Assets.xcassets in Resources */ = {isa = PBXBuildFile; fileRef = 8BCAE4B12A4C597700883304 /* Assets.xcassets */; };
		8BCAE4B52A4C597700883304 /* Preview Assets.xcassets in Resources */ = {isa = PBXBuildFile; fileRef = 8BCAE4B42A4C597700883304 /* Preview Assets.xcassets */; };
		8BCAE4BF2A4C5E2200883304 /* Recipe.swift in Sources */ = {isa = PBXBuildFile; fileRef = 8BCAE4BE2A4C5E2200883304 /* Recipe.swift */; };
		8BCAE4C12A4C605100883304 /* Hit.swift in Sources */ = {isa = PBXBuildFile; fileRef = 8BCAE4C02A4C605100883304 /* Hit.swift */; };
		8BCAE4C32A4C606900883304 /* Response.swift in Sources */ = {isa = PBXBuildFile; fileRef = 8BCAE4C22A4C606900883304 /* Response.swift */; };
		8BCAE4C52A4C60A500883304 /* ViewModel.swift in Sources */ = {isa = PBXBuildFile; fileRef = 8BCAE4C42A4C60A500883304 /* ViewModel.swift */; };
		8BCAE4C72A4C628B00883304 /* DetailView.swift in Sources */ = {isa = PBXBuildFile; fileRef = 8BCAE4C62A4C628B00883304 /* DetailView.swift */; };
		8BCAE4C92A4C640300883304 /* RecipesView.swift in Sources */ = {isa = PBXBuildFile; fileRef = 8BCAE4C82A4C640300883304 /* RecipesView.swift */; };
/* End PBXBuildFile section */

/* Begin PBXFileReference section */
		8BCAE4AA2A4C597500883304 /* Miam.app */ = {isa = PBXFileReference; explicitFileType = wrapper.application; includeInIndex = 0; path = Miam.app; sourceTree = BUILT_PRODUCTS_DIR; };
		8BCAE4AD2A4C597600883304 /* MiamApp.swift */ = {isa = PBXFileReference; lastKnownFileType = sourcecode.swift; path = MiamApp.swift; sourceTree = "<group>"; };
		8BCAE4AF2A4C597600883304 /* ContentView.swift */ = {isa = PBXFileReference; lastKnownFileType = sourcecode.swift; path = ContentView.swift; sourceTree = "<group>"; };
		8BCAE4B12A4C597700883304 /* Assets.xcassets */ = {isa = PBXFileReference; lastKnownFileType = folder.assetcatalog; path = Assets.xcassets; sourceTree = "<group>"; };
		8BCAE4B42A4C597700883304 /* Preview Assets.xcassets */ = {isa = PBXFileReference; lastKnownFileType = folder.assetcatalog; path = "Preview Assets.xcassets"; sourceTree = "<group>"; };
		8BCAE4BE2A4C5E2200883304 /* Recipe.swift */ = {isa = PBXFileReference; lastKnownFileType = sourcecode.swift; path = Recipe.swift; sourceTree = "<group>"; };
		8BCAE4C02A4C605100883304 /* Hit.swift */ = {isa = PBXFileReference; lastKnownFileType = sourcecode.swift; path = Hit.swift; sourceTree = "<group>"; };
		8BCAE4C22A4C606900883304 /* Response.swift */ = {isa = PBXFileReference; lastKnownFileType = sourcecode.swift; path = Response.swift; sourceTree = "<group>"; };
		8BCAE4C42A4C60A500883304 /* ViewModel.swift */ = {isa = PBXFileReference; lastKnownFileType = sourcecode.swift; path = ViewModel.swift; sourceTree = "<group>"; };
		8BCAE4C62A4C628B00883304 /* DetailView.swift */ = {isa = PBXFileReference; lastKnownFileType = sourcecode.swift; path = DetailView.swift; sourceTree = "<group>"; };
		8BCAE4C82A4C640300883304 /* RecipesView.swift */ = {isa = PBXFileReference; lastKnownFileType = sourcecode.swift; path = RecipesView.swift; sourceTree = "<group>"; };
/* End PBXFileReference section */

/* Begin PBXFrameworksBuildPhase section */
		8BCAE4A72A4C597500883304 /* Frameworks */ = {
			isa = PBXFrameworksBuildPhase;
			buildActionMask = 2147483647;
			files = (
			);
			runOnlyForDeploymentPostprocessing = 0;
		};
/* End PBXFrameworksBuildPhase section */

/* Begin PBXGroup section */
		8BCAE4A12A4C597500883304 = {
			isa = PBXGroup;
			children = (
				8BCAE4AC2A4C597500883304 /* Miam */,
				8BCAE4AB2A4C597500883304 /* Products */,
			);
			sourceTree = "<group>";
		};
		8BCAE4AB2A4C597500883304 /* Products */ = {
			isa = PBXGroup;
			children = (
				8BCAE4AA2A4C597500883304 /* Miam.app */,
			);
			name = Products;
			sourceTree = "<group>";
		};
		8BCAE4AC2A4C597500883304 /* Miam */ = {
			isa = PBXGroup;
			children = (
				8BCAE4BD2A4C59EE00883304 /* ViewModel */,
				8BCAE4BC2A4C59E300883304 /* Model */,
				8BCAE4BB2A4C59DE00883304 /* View */,
				8BCAE4AD2A4C597600883304 /* MiamApp.swift */,
				8BCAE4B12A4C597700883304 /* Assets.xcassets */,
				8BCAE4B32A4C597700883304 /* Preview Content */,
			);
			path = Miam;
			sourceTree = "<group>";
		};
		8BCAE4B32A4C597700883304 /* Preview Content */ = {
			isa = PBXGroup;
			children = (
				8BCAE4B42A4C597700883304 /* Preview Assets.xcassets */,
			);
			path = "Preview Content";
			sourceTree = "<group>";
		};
		8BCAE4BB2A4C59DE00883304 /* View */ = {
			isa = PBXGroup;
			children = (
				8BCAE4AF2A4C597600883304 /* ContentView.swift */,
				8BCAE4C62A4C628B00883304 /* DetailView.swift */,
				8BCAE4C82A4C640300883304 /* RecipesView.swift */,
			);
			path = View;
			sourceTree = "<group>";
		};
		8BCAE4BC2A4C59E300883304 /* Model */ = {
			isa = PBXGroup;
			children = (
				8BCAE4BE2A4C5E2200883304 /* Recipe.swift */,
				8BCAE4C02A4C605100883304 /* Hit.swift */,
				8BCAE4C22A4C606900883304 /* Response.swift */,
			);
			path = Model;
			sourceTree = "<group>";
		};
		8BCAE4BD2A4C59EE00883304 /* ViewModel */ = {
			isa = PBXGroup;
			children = (
				8BCAE4C42A4C60A500883304 /* ViewModel.swift */,
			);
			path = ViewModel;
			sourceTree = "<group>";
		};
/* End PBXGroup section */

/* Begin PBXNativeTarget section */
		8BCAE4A92A4C597500883304 /* Miam */ = {
			isa = PBXNativeTarget;
			buildConfigurationList = 8BCAE4B82A4C597700883304 /* Build configuration list for PBXNativeTarget "Miam" */;
			buildPhases = (
				8BCAE4A62A4C597500883304 /* Sources */,
				8BCAE4A72A4C597500883304 /* Frameworks */,
				8BCAE4A82A4C597500883304 /* Resources */,
			);
			buildRules = (
			);
			dependencies = (
			);
			name = Miam;
			productName = Miam;
			productReference = 8BCAE4AA2A4C597500883304 /* Miam.app */;
			productType = "com.apple.product-type.application";
		};
/* End PBXNativeTarget section */

/* Begin PBXProject section */
		8BCAE4A22A4C597500883304 /* Project object */ = {
			isa = PBXProject;
			attributes = {
				BuildIndependentTargetsInParallel = 1;
				LastSwiftUpdateCheck = 1430;
				LastUpgradeCheck = 1430;
				TargetAttributes = {
					8BCAE4A92A4C597500883304 = {
						CreatedOnToolsVersion = 14.3.1;
					};
				};
			};
			buildConfigurationList = 8BCAE4A52A4C597500883304 /* Build configuration list for PBXProject "Miam" */;
			compatibilityVersion = "Xcode 14.0";
			developmentRegion = en;
			hasScannedForEncodings = 0;
			knownRegions = (
				en,
				Base,
			);
			mainGroup = 8BCAE4A12A4C597500883304;
			productRefGroup = 8BCAE4AB2A4C597500883304 /* Products */;
			projectDirPath = "";
			projectRoot = "";
			targets = (
				8BCAE4A92A4C597500883304 /* Miam */,
			);
		};
/* End PBXProject section */

/* Begin PBXResourcesBuildPhase section */
		8BCAE4A82A4C597500883304 /* Resources */ = {
			isa = PBXResourcesBuildPhase;
			buildActionMask = 2147483647;
			files = (
				8BCAE4B52A4C597700883304 /* Preview Assets.xcassets in Resources */,
				8BCAE4B22A4C597700883304 /* Assets.xcassets in Resources */,
			);
			runOnlyForDeploymentPostprocessing = 0;
		};
/* End PBXResourcesBuildPhase section */

/* Begin PBXSourcesBuildPhase section */
		8BCAE4A62A4C597500883304 /* Sources */ = {
			isa = PBXSourcesBuildPhase;
			buildActionMask = 2147483647;
			files = (
				8BCAE4BF2A4C5E2200883304 /* Recipe.swift in Sources */,
				8BCAE4C12A4C605100883304 /* Hit.swift in Sources */,
				8BCAE4C92A4C640300883304 /* RecipesView.swift in Sources */,
				8BCAE4B02A4C597600883304 /* ContentView.swift in Sources */,
				8BCAE4C72A4C628B00883304 /* DetailView.swift in Sources */,
				8BCAE4AE2A4C597600883304 /* MiamApp.swift in Sources */,
				8BCAE4C52A4C60A500883304 /* ViewModel.swift in Sources */,
				8BCAE4C32A4C606900883304 /* Response.swift in Sources */,
			);
			runOnlyForDeploymentPostprocessing = 0;
		};
/* End PBXSourcesBuildPhase section */

/* Begin XCBuildConfiguration section */
		8BCAE4B62A4C597700883304 /* Debug */ = {
			isa = XCBuildConfiguration;
			buildSettings = {
				ALWAYS_SEARCH_USER_PATHS = NO;
				CLANG_ANALYZER_NONNULL = YES;
				CLANG_ANALYZER_NUMBER_OBJECT_CONVERSION = YES_AGGRESSIVE;
				CLANG_CXX_LANGUAGE_STANDARD = "gnu++20";
				CLANG_ENABLE_MODULES = YES;
				CLANG_ENABLE_OBJC_ARC = YES;
				CLANG_ENABLE_OBJC_WEAK = YES;
				CLANG_WARN_BLOCK_CAPTURE_AUTORELEASING = YES;
				CLANG_WARN_BOOL_CONVERSION = YES;
				CLANG_WARN_COMMA = YES;
				CLANG_WARN_CONSTANT_CONVERSION = YES;
				CLANG_WARN_DEPRECATED_OBJC_IMPLEMENTATIONS = YES;
				CLANG_WARN_DIRECT_OBJC_ISA_USAGE = YES_ERROR;
				CLANG_WARN_DOCUMENTATION_COMMENTS = YES;
				CLANG_WARN_EMPTY_BODY = YES;
				CLANG_WARN_ENUM_CONVERSION = YES;
				CLANG_WARN_INFINITE_RECURSION = YES;
				CLANG_WARN_INT_CONVERSION = YES;
				CLANG_WARN_NON_LITERAL_NULL_CONVERSION = YES;
				CLANG_WARN_OBJC_IMPLICIT_RETAIN_SELF = YES;
				CLANG_WARN_OBJC_LITERAL_CONVERSION = YES;
				CLANG_WARN_OBJC_ROOT_CLASS = YES_ERROR;
				CLANG_WARN_QUOTED_INCLUDE_IN_FRAMEWORK_HEADER = YES;
				CLANG_WARN_RANGE_LOOP_ANALYSIS = YES;
				CLANG_WARN_STRICT_PROTOTYPES = YES;
				CLANG_WARN_SUSPICIOUS_MOVE = YES;
				CLANG_WARN_UNGUARDED_AVAILABILITY = YES_AGGRESSIVE;
				CLANG_WARN_UNREACHABLE_CODE = YES;
				CLANG_WARN__DUPLICATE_METHOD_MATCH = YES;
				COPY_PHASE_STRIP = NO;
				DEBUG_INFORMATION_FORMAT = dwarf;
				ENABLE_STRICT_OBJC_MSGSEND = YES;
				ENABLE_TESTABILITY = YES;
				GCC_C_LANGUAGE_STANDARD = gnu11;
				GCC_DYNAMIC_NO_PIC = NO;
				GCC_NO_COMMON_BLOCKS = YES;
				GCC_OPTIMIZATION_LEVEL = 0;
				GCC_PREPROCESSOR_DEFINITIONS = (
					"DEBUG=1",
					"$(inherited)",
				);
				GCC_WARN_64_TO_32_BIT_CONVERSION = YES;
				GCC_WARN_ABOUT_RETURN_TYPE = YES_ERROR;
				GCC_WARN_UNDECLARED_SELECTOR = YES;
				GCC_WARN_UNINITIALIZED_AUTOS = YES_AGGRESSIVE;
				GCC_WARN_UNUSED_FUNCTION = YES;
				GCC_WARN_UNUSED_VARIABLE = YES;
				IPHONEOS_DEPLOYMENT_TARGET = 16.4;
				MTL_ENABLE_DEBUG_INFO = INCLUDE_SOURCE;
				MTL_FAST_MATH = YES;
				ONLY_ACTIVE_ARCH = YES;
				SDKROOT = iphoneos;
				SWIFT_ACTIVE_COMPILATION_CONDITIONS = DEBUG;
				SWIFT_OPTIMIZATION_LEVEL = "-Onone";
			};
			name = Debug;
		};
		8BCAE4B72A4C597700883304 /* Release */ = {
			isa = XCBuildConfiguration;
			buildSettings = {
				ALWAYS_SEARCH_USER_PATHS = NO;
				CLANG_ANALYZER_NONNULL = YES;
				CLANG_ANALYZER_NUMBER_OBJECT_CONVERSION = YES_AGGRESSIVE;
				CLANG_CXX_LANGUAGE_STANDARD = "gnu++20";
				CLANG_ENABLE_MODULES = YES;
				CLANG_ENABLE_OBJC_ARC = YES;
				CLANG_ENABLE_OBJC_WEAK = YES;
				CLANG_WARN_BLOCK_CAPTURE_AUTORELEASING = YES;
				CLANG_WARN_BOOL_CONVERSION = YES;
				CLANG_WARN_COMMA = YES;
				CLANG_WARN_CONSTANT_CONVERSION = YES;
				CLANG_WARN_DEPRECATED_OBJC_IMPLEMENTATIONS = YES;
				CLANG_WARN_DIRECT_OBJC_ISA_USAGE = YES_ERROR;
				CLANG_WARN_DOCUMENTATION_COMMENTS = YES;
				CLANG_WARN_EMPTY_BODY = YES;
				CLANG_WARN_ENUM_CONVERSION = YES;
				CLANG_WARN_INFINITE_RECURSION = YES;
				CLANG_WARN_INT_CONVERSION = YES;
				CLANG_WARN_NON_LITERAL_NULL_CONVERSION = YES;
				CLANG_WARN_OBJC_IMPLICIT_RETAIN_SELF = YES;
				CLANG_WARN_OBJC_LITERAL_CONVERSION = YES;
				CLANG_WARN_OBJC_ROOT_CLASS = YES_ERROR;
				CLANG_WARN_QUOTED_INCLUDE_IN_FRAMEWORK_HEADER = YES;
				CLANG_WARN_RANGE_LOOP_ANALYSIS = YES;
				CLANG_WARN_STRICT_PROTOTYPES = YES;
				CLANG_WARN_SUSPICIOUS_MOVE = YES;
				CLANG_WARN_UNGUARDED_AVAILABILITY = YES_AGGRESSIVE;
				CLANG_WARN_UNREACHABLE_CODE = YES;
				CLANG_WARN__DUPLICATE_METHOD_MATCH = YES;
				COPY_PHASE_STRIP = NO;
				DEBUG_INFORMATION_FORMAT = "dwarf-with-dsym";
				ENABLE_NS_ASSERTIONS = NO;
				ENABLE_STRICT_OBJC_MSGSEND = YES;
				GCC_C_LANGUAGE_STANDARD = gnu11;
				GCC_NO_COMMON_BLOCKS = YES;
				GCC_WARN_64_TO_32_BIT_CONVERSION = YES;
				GCC_WARN_ABOUT_RETURN_TYPE = YES_ERROR;
				GCC_WARN_UNDECLARED_SELECTOR = YES;
				GCC_WARN_UNINITIALIZED_AUTOS = YES_AGGRESSIVE;
				GCC_WARN_UNUSED_FUNCTION = YES;
				GCC_WARN_UNUSED_VARIABLE = YES;
				IPHONEOS_DEPLOYMENT_TARGET = 16.4;
				MTL_ENABLE_DEBUG_INFO = NO;
				MTL_FAST_MATH = YES;
				SDKROOT = iphoneos;
				SWIFT_COMPILATION_MODE = wholemodule;
				SWIFT_OPTIMIZATION_LEVEL = "-O";
				VALIDATE_PRODUCT = YES;
			};
			name = Release;
		};
		8BCAE4B92A4C597700883304 /* Debug */ = {
			isa = XCBuildConfiguration;
			buildSettings = {
				ASSETCATALOG_COMPILER_APPICON_NAME = AppIcon;
				ASSETCATALOG_COMPILER_GLOBAL_ACCENT_COLOR_NAME = AccentColor;
				CODE_SIGN_STYLE = Automatic;
				CURRENT_PROJECT_VERSION = 1;
				DEVELOPMENT_ASSET_PATHS = "\"Miam/Preview Content\"";
				DEVELOPMENT_TEAM = 3G534NL4KQ;
				ENABLE_PREVIEWS = YES;
				GENERATE_INFOPLIST_FILE = YES;
				INFOPLIST_KEY_UIApplicationSceneManifest_Generation = YES;
				INFOPLIST_KEY_UIApplicationSupportsIndirectInputEvents = YES;
				INFOPLIST_KEY_UILaunchScreen_Generation = YES;
				INFOPLIST_KEY_UISupportedInterfaceOrientations_iPad = "UIInterfaceOrientationPortrait UIInterfaceOrientationPortraitUpsideDown UIInterfaceOrientationLandscapeLeft UIInterfaceOrientationLandscapeRight";
				INFOPLIST_KEY_UISupportedInterfaceOrientations_iPhone = "UIInterfaceOrientationPortrait UIInterfaceOrientationLandscapeLeft UIInterfaceOrientationLandscapeRight";
				LD_RUNPATH_SEARCH_PATHS = (
					"$(inherited)",
					"@executable_path/Frameworks",
				);
				MARKETING_VERSION = 1.0;
				PRODUCT_BUNDLE_IDENTIFIER = com.test.Miam;
				PRODUCT_NAME = "$(TARGET_NAME)";
				SWIFT_EMIT_LOC_STRINGS = YES;
				SWIFT_VERSION = 5.0;
				TARGETED_DEVICE_FAMILY = "1,2";
			};
			name = Debug;
		};
		8BCAE4BA2A4C597700883304 /* Release */ = {
			isa = XCBuildConfiguration;
			buildSettings = {
				ASSETCATALOG_COMPILER_APPICON_NAME = AppIcon;
				ASSETCATALOG_COMPILER_GLOBAL_ACCENT_COLOR_NAME = AccentColor;
				CODE_SIGN_STYLE = Automatic;
				CURRENT_PROJECT_VERSION = 1;
				DEVELOPMENT_ASSET_PATHS = "\"Miam/Preview Content\"";
				DEVELOPMENT_TEAM = 3G534NL4KQ;
				ENABLE_PREVIEWS = YES;
				GENERATE_INFOPLIST_FILE = YES;
				INFOPLIST_KEY_UIApplicationSceneManifest_Generation = YES;
				INFOPLIST_KEY_UIApplicationSupportsIndirectInputEvents = YES;
				INFOPLIST_KEY_UILaunchScreen_Generation = YES;
				INFOPLIST_KEY_UISupportedInterfaceOrientations_iPad = "UIInterfaceOrientationPortrait UIInterfaceOrientationPortraitUpsideDown UIInterfaceOrientationLandscapeLeft UIInterfaceOrientationLandscapeRight";
				INFOPLIST_KEY_UISupportedInterfaceOrientations_iPhone = "UIInterfaceOrientationPortrait UIInterfaceOrientationLandscapeLeft UIInterfaceOrientationLandscapeRight";
				LD_RUNPATH_SEARCH_PATHS = (
					"$(inherited)",
					"@executable_path/Frameworks",
				);
				MARKETING_VERSION = 1.0;
				PRODUCT_BUNDLE_IDENTIFIER = com.test.Miam;
				PRODUCT_NAME = "$(TARGET_NAME)";
				SWIFT_EMIT_LOC_STRINGS = YES;
				SWIFT_VERSION = 5.0;
				TARGETED_DEVICE_FAMILY = "1,2";
			};
			name = Release;
		};
/* End XCBuildConfiguration section */

/* Begin XCConfigurationList section */
		8BCAE4A52A4C597500883304 /* Build configuration list for PBXProject "Miam" */ = {
			isa = XCConfigurationList;
			buildConfigurations = (
				8BCAE4B62A4C597700883304 /* Debug */,
				8BCAE4B72A4C597700883304 /* Release */,
			);
			defaultConfigurationIsVisible = 0;
			defaultConfigurationName = Release;
		};
		8BCAE4B82A4C597700883304 /* Build configuration list for PBXNativeTarget "Miam" */ = {
			isa = XCConfigurationList;
			buildConfigurations = (
				8BCAE4B92A4C597700883304 /* Debug */,
				8BCAE4BA2A4C597700883304 /* Release */,
			);
			defaultConfigurationIsVisible = 0;
			defaultConfigurationName = Release;
		};
/* End XCConfigurationList section */
	};
	rootObject = 8BCAE4A22A4C597500883304 /* Project object */;
}
